// !$*UTF8*$!
{
	archiveVersion = 1;
	classes = {
	};
	objectVersion = 77;
	objects = {

/* Begin PBXBuildFile section */
		7F45A2492CC6D500006DB06A /* EssentialFeed2.framework in Frameworks */ = {isa = PBXBuildFile; fileRef = 7F7875D72CBDA00B00C2F448 /* EssentialFeed2.framework */; };
		7F7875E22CBDA00B00C2F448 /* EssentialFeed2.framework in Frameworks */ = {isa = PBXBuildFile; fileRef = 7F7875D72CBDA00B00C2F448 /* EssentialFeed2.framework */; };
/* End PBXBuildFile section */

/* Begin PBXContainerItemProxy section */
		7F45A24A2CC6D500006DB06A /* PBXContainerItemProxy */ = {
			isa = PBXContainerItemProxy;
			containerPortal = 7F7875CE2CBDA00B00C2F448 /* Project object */;
			proxyType = 1;
			remoteGlobalIDString = 7F7875D62CBDA00B00C2F448;
			remoteInfo = EssentialFeed2;
		};
		7F7875E32CBDA00B00C2F448 /* PBXContainerItemProxy */ = {
			isa = PBXContainerItemProxy;
			containerPortal = 7F7875CE2CBDA00B00C2F448 /* Project object */;
			proxyType = 1;
			remoteGlobalIDString = 7F7875D62CBDA00B00C2F448;
			remoteInfo = EssentialFeed2;
		};
/* End PBXContainerItemProxy section */

/* Begin PBXFileReference section */
		7F45A2402CC6D07A006DB06A /* EssentialFeed2.xctestplan */ = {isa = PBXFileReference; lastKnownFileType = text; path = EssentialFeed2.xctestplan; sourceTree = "<group>"; };
		7F45A2452CC6D500006DB06A /* EssentialFeedAPIEndToEndTests.xctest */ = {isa = PBXFileReference; explicitFileType = wrapper.cfbundle; includeInIndex = 0; path = EssentialFeedAPIEndToEndTests.xctest; sourceTree = BUILT_PRODUCTS_DIR; };
		7F45A2512CC6DA83006DB06A /* CI.xctestplan */ = {isa = PBXFileReference; lastKnownFileType = text; path = CI.xctestplan; sourceTree = "<group>"; };
		7F7875D72CBDA00B00C2F448 /* EssentialFeed2.framework */ = {isa = PBXFileReference; explicitFileType = wrapper.framework; includeInIndex = 0; path = EssentialFeed2.framework; sourceTree = BUILT_PRODUCTS_DIR; };
		7F7875E12CBDA00B00C2F448 /* EssentialFeed2Tests.xctest */ = {isa = PBXFileReference; explicitFileType = wrapper.cfbundle; includeInIndex = 0; path = EssentialFeed2Tests.xctest; sourceTree = BUILT_PRODUCTS_DIR; };
/* End PBXFileReference section */

/* Begin PBXFileSystemSynchronizedBuildFileExceptionSet section */
		7F45A2502CC6D96F006DB06A /* Exceptions for "EssentialFeed2Tests" folder in "EssentialFeedAPIEndToEndTests" target */ = {
			isa = PBXFileSystemSynchronizedBuildFileExceptionSet;
			membershipExceptions = (
				"Helpers/XCTestCase+MemoryLeakTracking.swift",
			);
			target = 7F45A2442CC6D500006DB06A /* EssentialFeedAPIEndToEndTests */;
		};
/* End PBXFileSystemSynchronizedBuildFileExceptionSet section */

/* Begin PBXFileSystemSynchronizedRootGroup section */
		7F45A2462CC6D500006DB06A /* EssentialFeedAPIEndToEndTests */ = {
			isa = PBXFileSystemSynchronizedRootGroup;
			path = EssentialFeedAPIEndToEndTests;
			sourceTree = "<group>";
		};
		7F7875D92CBDA00B00C2F448 /* EssentialFeed2 */ = {
			isa = PBXFileSystemSynchronizedRootGroup;
			path = EssentialFeed2;
			sourceTree = "<group>";
		};
		7F7875E52CBDA00B00C2F448 /* EssentialFeed2Tests */ = {
			isa = PBXFileSystemSynchronizedRootGroup;
			exceptions = (
				7F45A2502CC6D96F006DB06A /* Exceptions for "EssentialFeed2Tests" folder in "EssentialFeedAPIEndToEndTests" target */,
			);
			path = EssentialFeed2Tests;
			sourceTree = "<group>";
		};
/* End PBXFileSystemSynchronizedRootGroup section */

/* Begin PBXFrameworksBuildPhase section */
		7F45A2422CC6D500006DB06A /* Frameworks */ = {
			isa = PBXFrameworksBuildPhase;
			buildActionMask = 2147483647;
			files = (
				7F45A2492CC6D500006DB06A /* EssentialFeed2.framework in Frameworks */,
			);
			runOnlyForDeploymentPostprocessing = 0;
		};
		7F7875D42CBDA00B00C2F448 /* Frameworks */ = {
			isa = PBXFrameworksBuildPhase;
			buildActionMask = 2147483647;
			files = (
			);
			runOnlyForDeploymentPostprocessing = 0;
		};
		7F7875DE2CBDA00B00C2F448 /* Frameworks */ = {
			isa = PBXFrameworksBuildPhase;
			buildActionMask = 2147483647;
			files = (
				7F7875E22CBDA00B00C2F448 /* EssentialFeed2.framework in Frameworks */,
			);
			runOnlyForDeploymentPostprocessing = 0;
		};
/* End PBXFrameworksBuildPhase section */

/* Begin PBXGroup section */
		7F7875CD2CBDA00B00C2F448 = {
			isa = PBXGroup;
			children = (
				7F45A2512CC6DA83006DB06A /* CI.xctestplan */,
				7F45A2402CC6D07A006DB06A /* EssentialFeed2.xctestplan */,
				7F7875D92CBDA00B00C2F448 /* EssentialFeed2 */,
				7F7875E52CBDA00B00C2F448 /* EssentialFeed2Tests */,
				7F45A2462CC6D500006DB06A /* EssentialFeedAPIEndToEndTests */,
				7F7875D82CBDA00B00C2F448 /* Products */,
			);
			sourceTree = "<group>";
		};
		7F7875D82CBDA00B00C2F448 /* Products */ = {
			isa = PBXGroup;
			children = (
				7F7875D72CBDA00B00C2F448 /* EssentialFeed2.framework */,
				7F7875E12CBDA00B00C2F448 /* EssentialFeed2Tests.xctest */,
				7F45A2452CC6D500006DB06A /* EssentialFeedAPIEndToEndTests.xctest */,
			);
			name = Products;
			sourceTree = "<group>";
		};
/* End PBXGroup section */

/* Begin PBXHeadersBuildPhase section */
		7F7875D22CBDA00B00C2F448 /* Headers */ = {
			isa = PBXHeadersBuildPhase;
			buildActionMask = 2147483647;
			files = (
			);
			runOnlyForDeploymentPostprocessing = 0;
		};
/* End PBXHeadersBuildPhase section */

/* Begin PBXNativeTarget section */
		7F45A2442CC6D500006DB06A /* EssentialFeedAPIEndToEndTests */ = {
			isa = PBXNativeTarget;
			buildConfigurationList = 7F45A24C2CC6D500006DB06A /* Build configuration list for PBXNativeTarget "EssentialFeedAPIEndToEndTests" */;
			buildPhases = (
				7F45A2412CC6D500006DB06A /* Sources */,
				7F45A2422CC6D500006DB06A /* Frameworks */,
				7F45A2432CC6D500006DB06A /* Resources */,
			);
			buildRules = (
			);
			dependencies = (
				7F45A24B2CC6D500006DB06A /* PBXTargetDependency */,
			);
			fileSystemSynchronizedGroups = (
				7F45A2462CC6D500006DB06A /* EssentialFeedAPIEndToEndTests */,
			);
			name = EssentialFeedAPIEndToEndTests;
			packageProductDependencies = (
			);
			productName = EssentialFeedAPIEndToEndTests;
			productReference = 7F45A2452CC6D500006DB06A /* EssentialFeedAPIEndToEndTests.xctest */;
			productType = "com.apple.product-type.bundle.unit-test";
		};
		7F7875D62CBDA00B00C2F448 /* EssentialFeed2 */ = {
			isa = PBXNativeTarget;
			buildConfigurationList = 7F7875EA2CBDA00B00C2F448 /* Build configuration list for PBXNativeTarget "EssentialFeed2" */;
			buildPhases = (
				7F7875D22CBDA00B00C2F448 /* Headers */,
				7F7875D32CBDA00B00C2F448 /* Sources */,
				7F7875D42CBDA00B00C2F448 /* Frameworks */,
				7F7875D52CBDA00B00C2F448 /* Resources */,
			);
			buildRules = (
			);
			dependencies = (
			);
			fileSystemSynchronizedGroups = (
				7F7875D92CBDA00B00C2F448 /* EssentialFeed2 */,
			);
			name = EssentialFeed2;
			packageProductDependencies = (
			);
			productName = EssentialFeed2;
			productReference = 7F7875D72CBDA00B00C2F448 /* EssentialFeed2.framework */;
			productType = "com.apple.product-type.framework";
		};
		7F7875E02CBDA00B00C2F448 /* EssentialFeed2Tests */ = {
			isa = PBXNativeTarget;
			buildConfigurationList = 7F7875EF2CBDA00B00C2F448 /* Build configuration list for PBXNativeTarget "EssentialFeed2Tests" */;
			buildPhases = (
				7F7875DD2CBDA00B00C2F448 /* Sources */,
				7F7875DE2CBDA00B00C2F448 /* Frameworks */,
				7F7875DF2CBDA00B00C2F448 /* Resources */,
			);
			buildRules = (
			);
			dependencies = (
				7F7875E42CBDA00B00C2F448 /* PBXTargetDependency */,
			);
			fileSystemSynchronizedGroups = (
				7F7875E52CBDA00B00C2F448 /* EssentialFeed2Tests */,
			);
			name = EssentialFeed2Tests;
			packageProductDependencies = (
			);
			productName = EssentialFeed2Tests;
			productReference = 7F7875E12CBDA00B00C2F448 /* EssentialFeed2Tests.xctest */;
			productType = "com.apple.product-type.bundle.unit-test";
		};
/* End PBXNativeTarget section */

/* Begin PBXProject section */
		7F7875CE2CBDA00B00C2F448 /* Project object */ = {
			isa = PBXProject;
			attributes = {
				BuildIndependentTargetsInParallel = 1;
				LastSwiftUpdateCheck = 1600;
				LastUpgradeCheck = 1600;
				TargetAttributes = {
					7F45A2442CC6D500006DB06A = {
						CreatedOnToolsVersion = 16.0;
					};
					7F7875D62CBDA00B00C2F448 = {
						CreatedOnToolsVersion = 16.0;
					};
					7F7875E02CBDA00B00C2F448 = {
						CreatedOnToolsVersion = 16.0;
						LastSwiftMigration = 1600;
					};
				};
			};
			buildConfigurationList = 7F7875D12CBDA00B00C2F448 /* Build configuration list for PBXProject "EssentialFeed2" */;
			developmentRegion = en;
			hasScannedForEncodings = 0;
			knownRegions = (
				en,
				Base,
			);
			mainGroup = 7F7875CD2CBDA00B00C2F448;
			minimizedProjectReferenceProxies = 1;
			preferredProjectObjectVersion = 77;
			productRefGroup = 7F7875D82CBDA00B00C2F448 /* Products */;
			projectDirPath = "";
			projectRoot = "";
			targets = (
				7F7875D62CBDA00B00C2F448 /* EssentialFeed2 */,
				7F7875E02CBDA00B00C2F448 /* EssentialFeed2Tests */,
				7F45A2442CC6D500006DB06A /* EssentialFeedAPIEndToEndTests */,
			);
		};
/* End PBXProject section */

/* Begin PBXResourcesBuildPhase section */
		7F45A2432CC6D500006DB06A /* Resources */ = {
			isa = PBXResourcesBuildPhase;
			buildActionMask = 2147483647;
			files = (
			);
			runOnlyForDeploymentPostprocessing = 0;
		};
		7F7875D52CBDA00B00C2F448 /* Resources */ = {
			isa = PBXResourcesBuildPhase;
			buildActionMask = 2147483647;
			files = (
			);
			runOnlyForDeploymentPostprocessing = 0;
		};
		7F7875DF2CBDA00B00C2F448 /* Resources */ = {
			isa = PBXResourcesBuildPhase;
			buildActionMask = 2147483647;
			files = (
			);
			runOnlyForDeploymentPostprocessing = 0;
		};
/* End PBXResourcesBuildPhase section */

/* Begin PBXSourcesBuildPhase section */
		7F45A2412CC6D500006DB06A /* Sources */ = {
			isa = PBXSourcesBuildPhase;
			buildActionMask = 2147483647;
			files = (
			);
			runOnlyForDeploymentPostprocessing = 0;
		};
		7F7875D32CBDA00B00C2F448 /* Sources */ = {
			isa = PBXSourcesBuildPhase;
			buildActionMask = 2147483647;
			files = (
			);
			runOnlyForDeploymentPostprocessing = 0;
		};
		7F7875DD2CBDA00B00C2F448 /* Sources */ = {
			isa = PBXSourcesBuildPhase;
			buildActionMask = 2147483647;
			files = (
			);
			runOnlyForDeploymentPostprocessing = 0;
		};
/* End PBXSourcesBuildPhase section */

/* Begin PBXTargetDependency section */
		7F45A24B2CC6D500006DB06A /* PBXTargetDependency */ = {
			isa = PBXTargetDependency;
			target = 7F7875D62CBDA00B00C2F448 /* EssentialFeed2 */;
			targetProxy = 7F45A24A2CC6D500006DB06A /* PBXContainerItemProxy */;
		};
		7F7875E42CBDA00B00C2F448 /* PBXTargetDependency */ = {
			isa = PBXTargetDependency;
			target = 7F7875D62CBDA00B00C2F448 /* EssentialFeed2 */;
			targetProxy = 7F7875E32CBDA00B00C2F448 /* PBXContainerItemProxy */;
		};
/* End PBXTargetDependency section */

/* Begin XCBuildConfiguration section */
		7F45A24D2CC6D500006DB06A /* Debug */ = {
			isa = XCBuildConfiguration;
			buildSettings = {
				CODE_SIGN_STYLE = Automatic;
				CURRENT_PROJECT_VERSION = 1;
				DEVELOPMENT_TEAM = 7UG4P3A87X;
				GENERATE_INFOPLIST_FILE = YES;
				MARKETING_VERSION = 1.0;
				PRODUCT_BUNDLE_IDENTIFIER = br.com.golfino.EssentialFeedAPIEndToEndTests;
				PRODUCT_NAME = "$(TARGET_NAME)";
				SWIFT_EMIT_LOC_STRINGS = NO;
				SWIFT_VERSION = 5.0;
			};
			name = Debug;
		};
		7F45A24E2CC6D500006DB06A /* Release */ = {
			isa = XCBuildConfiguration;
			buildSettings = {
				CODE_SIGN_STYLE = Automatic;
				CURRENT_PROJECT_VERSION = 1;
				DEVELOPMENT_TEAM = 7UG4P3A87X;
				GENERATE_INFOPLIST_FILE = YES;
				MARKETING_VERSION = 1.0;
				PRODUCT_BUNDLE_IDENTIFIER = br.com.golfino.EssentialFeedAPIEndToEndTests;
				PRODUCT_NAME = "$(TARGET_NAME)";
				SWIFT_EMIT_LOC_STRINGS = NO;
				SWIFT_VERSION = 5.0;
			};
			name = Release;
		};
		7F7875EB2CBDA00B00C2F448 /* Debug */ = {
			isa = XCBuildConfiguration;
			buildSettings = {
				BUILD_LIBRARY_FOR_DISTRIBUTION = YES;
				CODE_SIGN_STYLE = Automatic;
				COMBINE_HIDPI_IMAGES = YES;
				CURRENT_PROJECT_VERSION = 1;
				DEFINES_MODULE = YES;
				DEVELOPMENT_TEAM = 7UG4P3A87X;
				DYLIB_COMPATIBILITY_VERSION = 1;
				DYLIB_CURRENT_VERSION = 1;
				DYLIB_INSTALL_NAME_BASE = "@rpath";
				ENABLE_MODULE_VERIFIER = YES;
				GENERATE_INFOPLIST_FILE = YES;
				INFOPLIST_KEY_NSHumanReadableCopyright = "";
				INSTALL_PATH = "$(LOCAL_LIBRARY_DIR)/Frameworks";
				LD_RUNPATH_SEARCH_PATHS = (
					"$(inherited)",
					"@executable_path/../Frameworks",
					"@loader_path/Frameworks",
				);
				MACOSX_DEPLOYMENT_TARGET = 14.0;
				MARKETING_VERSION = 1.0;
				MODULE_VERIFIER_SUPPORTED_LANGUAGES = "objective-c objective-c++";
				MODULE_VERIFIER_SUPPORTED_LANGUAGE_STANDARDS = "gnu17 gnu++20";
				PRODUCT_BUNDLE_IDENTIFIER = br.com.golfino.EssentialFeed2;
				PRODUCT_NAME = "$(TARGET_NAME:c99extidentifier)";
				SKIP_INSTALL = YES;
				SWIFT_EMIT_LOC_STRINGS = YES;
				SWIFT_INSTALL_OBJC_HEADER = NO;
				SWIFT_VERSION = 5.0;
			};
			name = Debug;
		};
		7F7875EC2CBDA00B00C2F448 /* Release */ = {
			isa = XCBuildConfiguration;
			buildSettings = {
				BUILD_LIBRARY_FOR_DISTRIBUTION = YES;
				CODE_SIGN_STYLE = Automatic;
				COMBINE_HIDPI_IMAGES = YES;
				CURRENT_PROJECT_VERSION = 1;
				DEFINES_MODULE = YES;
				DEVELOPMENT_TEAM = 7UG4P3A87X;
				DYLIB_COMPATIBILITY_VERSION = 1;
				DYLIB_CURRENT_VERSION = 1;
				DYLIB_INSTALL_NAME_BASE = "@rpath";
				ENABLE_MODULE_VERIFIER = YES;
				GENERATE_INFOPLIST_FILE = YES;
				INFOPLIST_KEY_NSHumanReadableCopyright = "";
				INSTALL_PATH = "$(LOCAL_LIBRARY_DIR)/Frameworks";
				LD_RUNPATH_SEARCH_PATHS = (
					"$(inherited)",
					"@executable_path/../Frameworks",
					"@loader_path/Frameworks",
				);
				MACOSX_DEPLOYMENT_TARGET = 14.0;
				MARKETING_VERSION = 1.0;
				MODULE_VERIFIER_SUPPORTED_LANGUAGES = "objective-c objective-c++";
				MODULE_VERIFIER_SUPPORTED_LANGUAGE_STANDARDS = "gnu17 gnu++20";
				PRODUCT_BUNDLE_IDENTIFIER = br.com.golfino.EssentialFeed2;
				PRODUCT_NAME = "$(TARGET_NAME:c99extidentifier)";
				SKIP_INSTALL = YES;
				SWIFT_EMIT_LOC_STRINGS = YES;
				SWIFT_INSTALL_OBJC_HEADER = NO;
				SWIFT_VERSION = 5.0;
			};
			name = Release;
		};
		7F7875ED2CBDA00B00C2F448 /* Debug */ = {
			isa = XCBuildConfiguration;
			buildSettings = {
				ALWAYS_SEARCH_USER_PATHS = NO;
				ASSETCATALOG_COMPILER_GENERATE_SWIFT_ASSET_SYMBOL_EXTENSIONS = YES;
				CLANG_ANALYZER_NONNULL = YES;
				CLANG_ANALYZER_NUMBER_OBJECT_CONVERSION = YES_AGGRESSIVE;
				CLANG_CXX_LANGUAGE_STANDARD = "gnu++20";
				CLANG_ENABLE_MODULES = YES;
				CLANG_ENABLE_OBJC_ARC = YES;
				CLANG_ENABLE_OBJC_WEAK = YES;
				CLANG_WARN_BLOCK_CAPTURE_AUTORELEASING = YES;
				CLANG_WARN_BOOL_CONVERSION = YES;
				CLANG_WARN_COMMA = YES;
				CLANG_WARN_CONSTANT_CONVERSION = YES;
				CLANG_WARN_DEPRECATED_OBJC_IMPLEMENTATIONS = YES;
				CLANG_WARN_DIRECT_OBJC_ISA_USAGE = YES_ERROR;
				CLANG_WARN_DOCUMENTATION_COMMENTS = YES;
				CLANG_WARN_EMPTY_BODY = YES;
				CLANG_WARN_ENUM_CONVERSION = YES;
				CLANG_WARN_INFINITE_RECURSION = YES;
				CLANG_WARN_INT_CONVERSION = YES;
				CLANG_WARN_NON_LITERAL_NULL_CONVERSION = YES;
				CLANG_WARN_OBJC_IMPLICIT_RETAIN_SELF = YES;
				CLANG_WARN_OBJC_LITERAL_CONVERSION = YES;
				CLANG_WARN_OBJC_ROOT_CLASS = YES_ERROR;
				CLANG_WARN_QUOTED_INCLUDE_IN_FRAMEWORK_HEADER = YES;
				CLANG_WARN_RANGE_LOOP_ANALYSIS = YES;
				CLANG_WARN_STRICT_PROTOTYPES = YES;
				CLANG_WARN_SUSPICIOUS_MOVE = YES;
				CLANG_WARN_UNGUARDED_AVAILABILITY = YES_AGGRESSIVE;
				CLANG_WARN_UNREACHABLE_CODE = YES;
				CLANG_WARN__DUPLICATE_METHOD_MATCH = YES;
				COPY_PHASE_STRIP = NO;
				CURRENT_PROJECT_VERSION = 1;
				DEBUG_INFORMATION_FORMAT = dwarf;
				ENABLE_STRICT_OBJC_MSGSEND = YES;
				ENABLE_TESTABILITY = YES;
				ENABLE_USER_SCRIPT_SANDBOXING = YES;
				GCC_C_LANGUAGE_STANDARD = gnu17;
				GCC_DYNAMIC_NO_PIC = NO;
				GCC_NO_COMMON_BLOCKS = YES;
				GCC_OPTIMIZATION_LEVEL = 0;
				GCC_PREPROCESSOR_DEFINITIONS = (
					"DEBUG=1",
					"$(inherited)",
				);
				GCC_WARN_64_TO_32_BIT_CONVERSION = YES;
				GCC_WARN_ABOUT_RETURN_TYPE = YES_ERROR;
				GCC_WARN_UNDECLARED_SELECTOR = YES;
				GCC_WARN_UNINITIALIZED_AUTOS = YES_AGGRESSIVE;
				GCC_WARN_UNUSED_FUNCTION = YES;
				GCC_WARN_UNUSED_VARIABLE = YES;
				LOCALIZATION_PREFERS_STRING_CATALOGS = YES;
				MACOSX_DEPLOYMENT_TARGET = 15.0;
				MTL_ENABLE_DEBUG_INFO = INCLUDE_SOURCE;
				MTL_FAST_MATH = YES;
				ONLY_ACTIVE_ARCH = YES;
				SDKROOT = macosx;
				SWIFT_ACTIVE_COMPILATION_CONDITIONS = "DEBUG $(inherited)";
				SWIFT_OPTIMIZATION_LEVEL = "-Onone";
				VERSIONING_SYSTEM = "apple-generic";
				VERSION_INFO_PREFIX = "";
			};
			name = Debug;
		};
		7F7875EE2CBDA00B00C2F448 /* Release */ = {
			isa = XCBuildConfiguration;
			buildSettings = {
				ALWAYS_SEARCH_USER_PATHS = NO;
				ASSETCATALOG_COMPILER_GENERATE_SWIFT_ASSET_SYMBOL_EXTENSIONS = YES;
				CLANG_ANALYZER_NONNULL = YES;
				CLANG_ANALYZER_NUMBER_OBJECT_CONVERSION = YES_AGGRESSIVE;
				CLANG_CXX_LANGUAGE_STANDARD = "gnu++20";
				CLANG_ENABLE_MODULES = YES;
				CLANG_ENABLE_OBJC_ARC = YES;
				CLANG_ENABLE_OBJC_WEAK = YES;
				CLANG_WARN_BLOCK_CAPTURE_AUTORELEASING = YES;
				CLANG_WARN_BOOL_CONVERSION = YES;
				CLANG_WARN_COMMA = YES;
				CLANG_WARN_CONSTANT_CONVERSION = YES;
				CLANG_WARN_DEPRECATED_OBJC_IMPLEMENTATIONS = YES;
				CLANG_WARN_DIRECT_OBJC_ISA_USAGE = YES_ERROR;
				CLANG_WARN_DOCUMENTATION_COMMENTS = YES;
				CLANG_WARN_EMPTY_BODY = YES;
				CLANG_WARN_ENUM_CONVERSION = YES;
				CLANG_WARN_INFINITE_RECURSION = YES;
				CLANG_WARN_INT_CONVERSION = YES;
				CLANG_WARN_NON_LITERAL_NULL_CONVERSION = YES;
				CLANG_WARN_OBJC_IMPLICIT_RETAIN_SELF = YES;
				CLANG_WARN_OBJC_LITERAL_CONVERSION = YES;
				CLANG_WARN_OBJC_ROOT_CLASS = YES_ERROR;
				CLANG_WARN_QUOTED_INCLUDE_IN_FRAMEWORK_HEADER = YES;
				CLANG_WARN_RANGE_LOOP_ANALYSIS = YES;
				CLANG_WARN_STRICT_PROTOTYPES = YES;
				CLANG_WARN_SUSPICIOUS_MOVE = YES;
				CLANG_WARN_UNGUARDED_AVAILABILITY = YES_AGGRESSIVE;
				CLANG_WARN_UNREACHABLE_CODE = YES;
				CLANG_WARN__DUPLICATE_METHOD_MATCH = YES;
				COPY_PHASE_STRIP = NO;
				CURRENT_PROJECT_VERSION = 1;
				DEBUG_INFORMATION_FORMAT = "dwarf-with-dsym";
				ENABLE_NS_ASSERTIONS = NO;
				ENABLE_STRICT_OBJC_MSGSEND = YES;
				ENABLE_USER_SCRIPT_SANDBOXING = YES;
				GCC_C_LANGUAGE_STANDARD = gnu17;
				GCC_NO_COMMON_BLOCKS = YES;
				GCC_WARN_64_TO_32_BIT_CONVERSION = YES;
				GCC_WARN_ABOUT_RETURN_TYPE = YES_ERROR;
				GCC_WARN_UNDECLARED_SELECTOR = YES;
				GCC_WARN_UNINITIALIZED_AUTOS = YES_AGGRESSIVE;
				GCC_WARN_UNUSED_FUNCTION = YES;
				GCC_WARN_UNUSED_VARIABLE = YES;
				LOCALIZATION_PREFERS_STRING_CATALOGS = YES;
				MACOSX_DEPLOYMENT_TARGET = 15.0;
				MTL_ENABLE_DEBUG_INFO = NO;
				MTL_FAST_MATH = YES;
				SDKROOT = macosx;
				SWIFT_COMPILATION_MODE = wholemodule;
				VERSIONING_SYSTEM = "apple-generic";
				VERSION_INFO_PREFIX = "";
			};
			name = Release;
		};
		7F7875F02CBDA00B00C2F448 /* Debug */ = {
			isa = XCBuildConfiguration;
			buildSettings = {
				CLANG_ENABLE_MODULES = YES;
				CODE_SIGN_STYLE = Automatic;
				CURRENT_PROJECT_VERSION = 1;
				DEVELOPMENT_TEAM = 7UG4P3A87X;
				GENERATE_INFOPLIST_FILE = YES;
				MACOSX_DEPLOYMENT_TARGET = 14.0;
				MARKETING_VERSION = 1.0;
				PRODUCT_BUNDLE_IDENTIFIER = br.com.golfino.EssentialFeed2Tests;
				PRODUCT_NAME = "$(TARGET_NAME)";
				SWIFT_EMIT_LOC_STRINGS = NO;
				SWIFT_OPTIMIZATION_LEVEL = "-Onone";
				SWIFT_VERSION = 5.0;
			};
			name = Debug;
		};
		7F7875F12CBDA00B00C2F448 /* Release */ = {
			isa = XCBuildConfiguration;
			buildSettings = {
				CLANG_ENABLE_MODULES = YES;
				CODE_SIGN_STYLE = Automatic;
				CURRENT_PROJECT_VERSION = 1;
				DEVELOPMENT_TEAM = 7UG4P3A87X;
				GENERATE_INFOPLIST_FILE = YES;
				MACOSX_DEPLOYMENT_TARGET = 14.0;
				MARKETING_VERSION = 1.0;
				PRODUCT_BUNDLE_IDENTIFIER = br.com.golfino.EssentialFeed2Tests;
				PRODUCT_NAME = "$(TARGET_NAME)";
				SWIFT_EMIT_LOC_STRINGS = NO;
				SWIFT_VERSION = 5.0;
			};
			name = Release;
		};
/* End XCBuildConfiguration section */

/* Begin XCConfigurationList section */
		7F45A24C2CC6D500006DB06A /* Build configuration list for PBXNativeTarget "EssentialFeedAPIEndToEndTests" */ = {
			isa = XCConfigurationList;
			buildConfigurations = (
				7F45A24D2CC6D500006DB06A /* Debug */,
				7F45A24E2CC6D500006DB06A /* Release */,
			);
			defaultConfigurationIsVisible = 0;
			defaultConfigurationName = Release;
		};
		7F7875D12CBDA00B00C2F448 /* Build configuration list for PBXProject "EssentialFeed2" */ = {
			isa = XCConfigurationList;
			buildConfigurations = (
				7F7875ED2CBDA00B00C2F448 /* Debug */,
				7F7875EE2CBDA00B00C2F448 /* Release */,
			);
			defaultConfigurationIsVisible = 0;
			defaultConfigurationName = Release;
		};
		7F7875EA2CBDA00B00C2F448 /* Build configuration list for PBXNativeTarget "EssentialFeed2" */ = {
			isa = XCConfigurationList;
			buildConfigurations = (
				7F7875EB2CBDA00B00C2F448 /* Debug */,
				7F7875EC2CBDA00B00C2F448 /* Release */,
			);
			defaultConfigurationIsVisible = 0;
			defaultConfigurationName = Release;
		};
		7F7875EF2CBDA00B00C2F448 /* Build configuration list for PBXNativeTarget "EssentialFeed2Tests" */ = {
			isa = XCConfigurationList;
			buildConfigurations = (
				7F7875F02CBDA00B00C2F448 /* Debug */,
				7F7875F12CBDA00B00C2F448 /* Release */,
			);
			defaultConfigurationIsVisible = 0;
			defaultConfigurationName = Release;
		};
/* End XCConfigurationList section */
	};
	rootObject = 7F7875CE2CBDA00B00C2F448 /* Project object */;
}
